{
  "name": "lib",
  "lockfileVersion": 2,
  "requires": true,
  "packages": {
    "": {
      "dependencies": {
        "@capsizecss/core": "^3.0.0",
        "basekick": "^3.1.1"
      }
    },
    "node_modules/@capsizecss/core": {
      "version": "3.0.0",
      "resolved": "https://registry.npmjs.org/@capsizecss/core/-/core-3.0.0.tgz",
      "integrity": "sha512-tJNEWMmhHcU5z6ITAiVNN9z+PCTylybVIJqgX7Ts4zN66fe/W2Fe5UWJCCZIP/5uutsl5fYOaVVHZIjsuTVhBQ=="
    },
    "node_modules/basekick": {
      "version": "3.1.1",
      "resolved": "https://registry.npmjs.org/basekick/-/basekick-3.1.1.tgz",
      "integrity": "sha512-F6IBL9SDlf8rJLKnNcvi1/LqnzkDALVmjTT99/+ZKBsrZyLIZ+tEbuHsrMfjkqY7R6h55vjIF1yjHJvHhZAq3w==",
      "deprecated": "This package has been deprecated in favour of @capsizecss/core"
    }
  },
  "dependencies": {
    "@capsizecss/core": {
      "version": "3.0.0",
      "resolved": "https://registry.npmjs.org/@capsizecss/core/-/core-3.0.0.tgz",
      "integrity": "sha512-tJNEWMmhHcU5z6ITAiVNN9z+PCTylybVIJqgX7Ts4zN66fe/W2Fe5UWJCCZIP/5uutsl5fYOaVVHZIjsuTVhBQ=="
    },
    "basekick": {
      "version": "3.1.1",
      "resolved": "https://registry.npmjs.org/basekick/-/basekick-3.1.1.tgz",
      "integrity": "sha512-F6IBL9SDlf8rJLKnNcvi1/LqnzkDALVmjTT99/+ZKBsrZyLIZ+tEbuHsrMfjkqY7R6h55vjIF1yjHJvHhZAq3w=="
    }
  }
}
